
Microsoft Visual Studio Solution File, Format Version 12.00
# Visual Studio Version 16
VisualStudioVersion = 16.0.29403.142
MinimumVisualStudioVersion = 10.0.40219.1
Project("{FAE04EC0-301F-11D3-BF4B-00C04F79EFBC}") = "DZ0101AndreyMatveew", "DZ0101AndreyMatveew.csproj", "{5D783AA8-F068-4BB6-8FE7-39C71C10823C}"
EndProject
Global
	GlobalSection(SolutionConfigurationPlatforms) = preSolution
		Debug|Any CPU = Debug|Any CPU
		Release|Any CPU = Release|Any CPU
	EndGlobalSection
	GlobalSection(ProjectConfigurationPlatforms) = postSolution
		{5D783AA8-F068-4BB6-8FE7-39C71C10823C}.Debug|Any CPU.ActiveCfg = Debug|Any CPU
		{5D783AA8-F068-4BB6-8FE7-39C71C10823C}.Debug|Any CPU.Build.0 = Debug|Any CPU
		{5D783AA8-F068-4BB6-8FE7-39C71C10823C}.Release|Any CPU.ActiveCfg = Release|Any CPU
		{5D783AA8-F068-4BB6-8FE7-39C71C10823C}.Release|Any CPU.Build.0 = Release|Any CPU
	EndGlobalSection
	GlobalSection(SolutionProperties) = preSolution
		HideSolutionNode = FALSE
	EndGlobalSection
	GlobalSection(ExtensibilityGlobals) = postSolution
		SolutionGuid = {A53EF77B-AB68-4E7A-8C10-83E40F7A244F}
	EndGlobalSection
EndGlobal
