
Microsoft Visual Studio Solution File, Format Version 12.00
# Visual Studio Version 16
VisualStudioVersion = 16.0.29403.142
MinimumVisualStudioVersion = 10.0.40219.1
Project("{FAE04EC0-301F-11D3-BF4B-00C04F79EFBC}") = "DZ0501AndreyMatveew", "DZ0501AndreyMatveew.csproj", "{C9743CA4-DB42-4750-9816-4CF4D875D937}"
EndProject
Global
	GlobalSection(SolutionConfigurationPlatforms) = preSolution
		Debug|Any CPU = Debug|Any CPU
		Release|Any CPU = Release|Any CPU
	EndGlobalSection
	GlobalSection(ProjectConfigurationPlatforms) = postSolution
		{C9743CA4-DB42-4750-9816-4CF4D875D937}.Debug|Any CPU.ActiveCfg = Debug|Any CPU
		{C9743CA4-DB42-4750-9816-4CF4D875D937}.Debug|Any CPU.Build.0 = Debug|Any CPU
		{C9743CA4-DB42-4750-9816-4CF4D875D937}.Release|Any CPU.ActiveCfg = Release|Any CPU
		{C9743CA4-DB42-4750-9816-4CF4D875D937}.Release|Any CPU.Build.0 = Release|Any CPU
	EndGlobalSection
	GlobalSection(SolutionProperties) = preSolution
		HideSolutionNode = FALSE
	EndGlobalSection
	GlobalSection(ExtensibilityGlobals) = postSolution
		SolutionGuid = {105F8F79-193A-4F2E-8C2E-7D1B7E85455C}
	EndGlobalSection
EndGlobal
